<?xml version="1.0" encoding="UTF-8"?>
<!DOCTYPE plist PUBLIC "-//Apple//DTD PLIST 1.0//EN" "http://www.apple.com/DTDs/PropertyList-1.0.dtd">
<plist version="1.0">
<dict>
	<key>archiveVersion</key>
	<string>1</string>
	<key>classes</key>
	<dict/>
	<key>objectVersion</key>
	<string>46</string>
	<key>objects</key>
	<dict>
		<key>2EA13D426446460D91633F3C</key>
		<dict>
			<key>explicitFileType</key>
			<string>archive.ar</string>
			<key>includeInIndex</key>
			<string>0</string>
			<key>isa</key>
			<string>PBXFileReference</string>
			<key>name</key>
			<string>libPods.a</string>
			<key>path</key>
			<string>libPods.a</string>
			<key>sourceTree</key>
			<string>BUILT_PRODUCTS_DIR</string>
		</dict>
		<key>7BB5A8AE15E8F238002318E0</key>
		<dict>
			<key>children</key>
			<array>
				<string>7BB5A8C315E8F238002318E0</string>
				<string>7BB5A8DB15E8F239002318E0</string>
				<string>7BB5A8BC15E8F238002318E0</string>
				<string>7BB5A8BA15E8F238002318E0</string>
				<string>7BB5A8EC15E8FB40002318E0</string>
				<string>D3827FE112D7439C9F984E43</string>
			</array>
			<key>isa</key>
			<string>PBXGroup</string>
			<key>sourceTree</key>
			<string>&lt;group&gt;</string>
		</dict>
		<key>7BB5A8B015E8F238002318E0</key>
		<dict>
			<key>attributes</key>
			<dict>
				<key>LastUpgradeCheck</key>
				<string>0440</string>
				<key>ORGANIZATIONNAME</key>
				<string>Stefano Pigozzi</string>
			</dict>
			<key>buildConfigurationList</key>
			<string>7BB5A8B315E8F238002318E0</string>
			<key>compatibilityVersion</key>
			<string>Xcode 3.2</string>
			<key>developmentRegion</key>
			<string>English</string>
			<key>hasScannedForEncodings</key>
			<string>0</string>
			<key>isa</key>
			<string>PBXProject</string>
			<key>knownRegions</key>
			<array>
				<string>en</string>
			</array>
			<key>mainGroup</key>
			<string>7BB5A8AE15E8F238002318E0</string>
			<key>productRefGroup</key>
			<string>7BB5A8BA15E8F238002318E0</string>
			<key>projectDirPath</key>
			<string></string>
			<key>projectRoot</key>
			<string></string>
			<key>targets</key>
			<array>
				<string>7BB5A8B815E8F238002318E0</string>
				<string>7BB5A8D315E8F239002318E0</string>
			</array>
		</dict>
		<key>7BB5A8B315E8F238002318E0</key>
		<dict>
			<key>buildConfigurations</key>
			<array>
				<string>7BB5A8E415E8F239002318E0</string>
				<string>7BB5A8E515E8F239002318E0</string>
			</array>
			<key>defaultConfigurationIsVisible</key>
			<string>0</string>
			<key>defaultConfigurationName</key>
			<string>Release</string>
			<key>isa</key>
			<string>XCConfigurationList</string>
		</dict>
		<key>7BB5A8B515E8F238002318E0</key>
		<dict>
			<key>buildActionMask</key>
			<string>2147483647</string>
			<key>files</key>
			<array>
				<string>7BB5A8CA15E8F238002318E0</string>
				<string>7BB5A8CE15E8F238002318E0</string>
			</array>
			<key>isa</key>
			<string>PBXSourcesBuildPhase</string>
			<key>runOnlyForDeploymentPostprocessing</key>
			<string>0</string>
		</dict>
		<key>7BB5A8B615E8F238002318E0</key>
		<dict>
			<key>buildActionMask</key>
			<string>2147483647</string>
			<key>files</key>
			<array>
				<string>7BB5A8BE15E8F238002318E0</string>
				<string>7BB5A8C015E8F238002318E0</string>
				<string>7BB5A8C215E8F238002318E0</string>
				<string>A72A35D43A914FBBB539C8C1</string>
			</array>
			<key>isa</key>
			<string>PBXFrameworksBuildPhase</string>
			<key>runOnlyForDeploymentPostprocessing</key>
			<string>0</string>
		</dict>
		<key>7BB5A8B715E8F238002318E0</key>
		<dict>
			<key>buildActionMask</key>
			<string>2147483647</string>
			<key>files</key>
			<array>
				<string>7BB5A8C815E8F238002318E0</string>
			</array>
			<key>isa</key>
			<string>PBXResourcesBuildPhase</string>
			<key>runOnlyForDeploymentPostprocessing</key>
			<string>0</string>
		</dict>
		<key>7BB5A8B815E8F238002318E0</key>
		<dict>
			<key>buildConfigurationList</key>
			<string>7BB5A8E615E8F239002318E0</string>
			<key>buildPhases</key>
			<array>
				<string>7BB5A8B515E8F238002318E0</string>
				<string>7BB5A8B615E8F238002318E0</string>
				<string>7BB5A8B715E8F238002318E0</string>
				<string>C3AF80873E804544B1CEE6B4</string>
			</array>
			<key>buildRules</key>
			<array/>
			<key>dependencies</key>
			<array/>
			<key>isa</key>
			<string>PBXNativeTarget</string>
			<key>name</key>
			<string>Hackerism</string>
			<key>productName</key>
			<string>Hackerism</string>
			<key>productReference</key>
			<string>7BB5A8B915E8F238002318E0</string>
			<key>productType</key>
			<string>com.apple.product-type.application</string>
		</dict>
		<key>7BB5A8B915E8F238002318E0</key>
		<dict>
			<key>explicitFileType</key>
			<string>wrapper.application</string>
			<key>includeInIndex</key>
			<string>0</string>
			<key>isa</key>
			<string>PBXFileReference</string>
			<key>name</key>
			<string>Hackerism.app</string>
			<key>path</key>
			<string>Hackerism.app</string>
			<key>sourceTree</key>
			<string>BUILT_PRODUCTS_DIR</string>
		</dict>
		<key>7BB5A8BA15E8F238002318E0</key>
		<dict>
			<key>children</key>
			<array>
				<string>7BB5A8B915E8F238002318E0</string>
				<string>7BB5A8D415E8F239002318E0</string>
			</array>
			<key>isa</key>
			<string>PBXGroup</string>
			<key>name</key>
			<string>Products</string>
			<key>sourceTree</key>
			<string>&lt;group&gt;</string>
		</dict>
		<key>7BB5A8BC15E8F238002318E0</key>
		<dict>
			<key>children</key>
			<array>
				<string>7BB5A8BD15E8F238002318E0</string>
				<string>7BB5A8BF15E8F238002318E0</string>
				<string>7BB5A8C115E8F238002318E0</string>
				<string>7BB5A8D515E8F239002318E0</string>
				<string>2EA13D426446460D91633F3C</string>
			</array>
			<key>isa</key>
			<string>PBXGroup</string>
			<key>name</key>
			<string>Frameworks</string>
			<key>sourceTree</key>
			<string>&lt;group&gt;</string>
		</dict>
		<key>7BB5A8BD15E8F238002318E0</key>
		<dict>
			<key>includeInIndex</key>
			<string>1</string>
			<key>isa</key>
			<string>PBXFileReference</string>
			<key>lastKnownFileType</key>
			<string>wrapper.framework</string>
			<key>name</key>
			<string>UIKit.framework</string>
			<key>path</key>
			<string>System/Library/Frameworks/UIKit.framework</string>
			<key>sourceTree</key>
			<string>SDKROOT</string>
		</dict>
		<key>7BB5A8BE15E8F238002318E0</key>
		<dict>
			<key>fileRef</key>
			<string>7BB5A8BD15E8F238002318E0</string>
			<key>isa</key>
			<string>PBXBuildFile</string>
		</dict>
		<key>7BB5A8BF15E8F238002318E0</key>
		<dict>
			<key>includeInIndex</key>
			<string>1</string>
			<key>isa</key>
			<string>PBXFileReference</string>
			<key>lastKnownFileType</key>
			<string>wrapper.framework</string>
			<key>name</key>
			<string>Foundation.framework</string>
			<key>path</key>
			<string>System/Library/Frameworks/Foundation.framework</string>
			<key>sourceTree</key>
			<string>SDKROOT</string>
		</dict>
		<key>7BB5A8C015E8F238002318E0</key>
		<dict>
			<key>fileRef</key>
			<string>7BB5A8BF15E8F238002318E0</string>
			<key>isa</key>
			<string>PBXBuildFile</string>
		</dict>
		<key>7BB5A8C115E8F238002318E0</key>
		<dict>
			<key>includeInIndex</key>
			<string>1</string>
			<key>isa</key>
			<string>PBXFileReference</string>
			<key>lastKnownFileType</key>
			<string>wrapper.framework</string>
			<key>name</key>
			<string>CoreGraphics.framework</string>
			<key>path</key>
			<string>System/Library/Frameworks/CoreGraphics.framework</string>
			<key>sourceTree</key>
			<string>SDKROOT</string>
		</dict>
		<key>7BB5A8C215E8F238002318E0</key>
		<dict>
			<key>fileRef</key>
			<string>7BB5A8C115E8F238002318E0</string>
			<key>isa</key>
			<string>PBXBuildFile</string>
		</dict>
		<key>7BB5A8C315E8F238002318E0</key>
		<dict>
			<key>children</key>
			<array>
				<string>7BB5A8CC15E8F238002318E0</string>
				<string>7BB5A8CD15E8F238002318E0</string>
				<string>7BB5A8C415E8F238002318E0</string>
			</array>
			<key>isa</key>
			<string>PBXGroup</string>
			<key>path</key>
			<string>Hackerism</string>
			<key>sourceTree</key>
			<string>&lt;group&gt;</string>
		</dict>
		<key>7BB5A8C415E8F238002318E0</key>
		<dict>
			<key>children</key>
			<array>
				<string>7BB5A8C515E8F238002318E0</string>
				<string>7BB5A8C615E8F238002318E0</string>
				<string>7BB5A8C915E8F238002318E0</string>
				<string>7BB5A8CB15E8F238002318E0</string>
			</array>
			<key>isa</key>
			<string>PBXGroup</string>
			<key>name</key>
			<string>Supporting Files</string>
			<key>sourceTree</key>
			<string>&lt;group&gt;</string>
		</dict>
		<key>7BB5A8C515E8F238002318E0</key>
		<dict>
			<key>isa</key>
			<string>PBXFileReference</string>
			<key>lastKnownFileType</key>
			<string>text.plist.xml</string>
			<key>path</key>
			<string>Hackerism-Info.plist</string>
			<key>sourceTree</key>
			<string>&lt;group&gt;</string>
		</dict>
		<key>7BB5A8C615E8F238002318E0</key>
		<dict>
			<key>children</key>
			<array>
				<string>7BB5A8C715E8F238002318E0</string>
			</array>
			<key>isa</key>
			<string>PBXVariantGroup</string>
			<key>name</key>
			<string>InfoPlist.strings</string>
			<key>sourceTree</key>
			<string>&lt;group&gt;</string>
		</dict>
		<key>7BB5A8C715E8F238002318E0</key>
		<dict>
			<key>isa</key>
			<string>PBXFileReference</string>
			<key>lastKnownFileType</key>
			<string>text.plist.strings</string>
			<key>name</key>
			<string>en</string>
			<key>path</key>
			<string>en.lproj/InfoPlist.strings</string>
			<key>sourceTree</key>
			<string>&lt;group&gt;</string>
		</dict>
		<key>7BB5A8C815E8F238002318E0</key>
		<dict>
			<key>fileRef</key>
			<string>7BB5A8C615E8F238002318E0</string>
			<key>isa</key>
			<string>PBXBuildFile</string>
		</dict>
		<key>7BB5A8C915E8F238002318E0</key>
		<dict>
			<key>isa</key>
			<string>PBXFileReference</string>
			<key>lastKnownFileType</key>
			<string>sourcecode.c.objc</string>
			<key>path</key>
			<string>main.m</string>
			<key>sourceTree</key>
			<string>&lt;group&gt;</string>
		</dict>
		<key>7BB5A8CA15E8F238002318E0</key>
		<dict>
			<key>fileRef</key>
			<string>7BB5A8C915E8F238002318E0</string>
			<key>isa</key>
			<string>PBXBuildFile</string>
		</dict>
		<key>7BB5A8CB15E8F238002318E0</key>
		<dict>
			<key>isa</key>
			<string>PBXFileReference</string>
			<key>lastKnownFileType</key>
			<string>sourcecode.c.h</string>
			<key>path</key>
			<string>Hackerism-Prefix.pch</string>
			<key>sourceTree</key>
			<string>&lt;group&gt;</string>
		</dict>
		<key>7BB5A8CC15E8F238002318E0</key>
		<dict>
			<key>isa</key>
			<string>PBXFileReference</string>
			<key>lastKnownFileType</key>
			<string>sourcecode.c.h</string>
			<key>path</key>
			<string>AppDelegate.h</string>
			<key>sourceTree</key>
			<string>&lt;group&gt;</string>
		</dict>
		<key>7BB5A8CD15E8F238002318E0</key>
		<dict>
			<key>isa</key>
			<string>PBXFileReference</string>
			<key>lastKnownFileType</key>
			<string>sourcecode.c.objc</string>
			<key>path</key>
			<string>AppDelegate.m</string>
			<key>sourceTree</key>
			<string>&lt;group&gt;</string>
		</dict>
		<key>7BB5A8CE15E8F238002318E0</key>
		<dict>
			<key>fileRef</key>
			<string>7BB5A8CD15E8F238002318E0</string>
			<key>isa</key>
			<string>PBXBuildFile</string>
		</dict>
		<key>7BB5A8CF15E8F239002318E0</key>
		<dict>
			<key>buildActionMask</key>
			<string>2147483647</string>
			<key>files</key>
			<array>
				<string>7BB5A8E315E8F239002318E0</string>
			</array>
			<key>isa</key>
			<string>PBXSourcesBuildPhase</string>
			<key>runOnlyForDeploymentPostprocessing</key>
			<string>0</string>
		</dict>
		<key>7BB5A8D015E8F239002318E0</key>
		<dict>
			<key>buildActionMask</key>
			<string>2147483647</string>
			<key>files</key>
			<array>
				<string>7BB5A8D615E8F239002318E0</string>
				<string>7BB5A8D715E8F239002318E0</string>
				<string>7BB5A8D815E8F239002318E0</string>
			</array>
			<key>isa</key>
			<string>PBXFrameworksBuildPhase</string>
			<key>runOnlyForDeploymentPostprocessing</key>
			<string>0</string>
		</dict>
		<key>7BB5A8D115E8F239002318E0</key>
		<dict>
			<key>buildActionMask</key>
			<string>2147483647</string>
			<key>files</key>
			<array>
				<string>7BB5A8E015E8F239002318E0</string>
			</array>
			<key>isa</key>
			<string>PBXResourcesBuildPhase</string>
			<key>runOnlyForDeploymentPostprocessing</key>
			<string>0</string>
		</dict>
		<key>7BB5A8D215E8F239002318E0</key>
		<dict>
			<key>buildActionMask</key>
			<string>2147483647</string>
			<key>files</key>
			<array/>
			<key>inputPaths</key>
			<array/>
			<key>isa</key>
			<string>PBXShellScriptBuildPhase</string>
			<key>outputPaths</key>
			<array/>
			<key>runOnlyForDeploymentPostprocessing</key>
			<string>0</string>
			<key>shellPath</key>
			<string>/bin/sh</string>
			<key>shellScript</key>
			<string># Run the unit tests in this test bundle.
"${SYSTEM_DEVELOPER_DIR}/Tools/RunUnitTests"
</string>
		</dict>
		<key>7BB5A8D315E8F239002318E0</key>
		<dict>
			<key>buildConfigurationList</key>
			<string>7BB5A8E915E8F239002318E0</string>
			<key>buildPhases</key>
			<array>
				<string>7BB5A8CF15E8F239002318E0</string>
				<string>7BB5A8D015E8F239002318E0</string>
				<string>7BB5A8D115E8F239002318E0</string>
				<string>7BB5A8D215E8F239002318E0</string>
			</array>
			<key>buildRules</key>
			<array/>
			<key>dependencies</key>
			<array>
				<string>7BB5A8DA15E8F239002318E0</string>
			</array>
			<key>isa</key>
			<string>PBXNativeTarget</string>
			<key>name</key>
			<string>HackerismTests</string>
			<key>productName</key>
			<string>HackerismTests</string>
			<key>productReference</key>
			<string>7BB5A8D415E8F239002318E0</string>
			<key>productType</key>
			<string>com.apple.product-type.bundle</string>
		</dict>
		<key>7BB5A8D415E8F239002318E0</key>
		<dict>
			<key>explicitFileType</key>
			<string>wrapper.cfbundle</string>
			<key>includeInIndex</key>
			<string>0</string>
			<key>isa</key>
			<string>PBXFileReference</string>
			<key>name</key>
			<string>HackerismTests.octest</string>
			<key>path</key>
			<string>HackerismTests.octest</string>
			<key>sourceTree</key>
			<string>BUILT_PRODUCTS_DIR</string>
		</dict>
		<key>7BB5A8D515E8F239002318E0</key>
		<dict>
			<key>isa</key>
			<string>PBXFileReference</string>
			<key>lastKnownFileType</key>
			<string>wrapper.framework</string>
			<key>name</key>
			<string>SenTestingKit.framework</string>
			<key>path</key>
			<string>Library/Frameworks/SenTestingKit.framework</string>
			<key>sourceTree</key>
			<string>DEVELOPER_DIR</string>
		</dict>
		<key>7BB5A8D615E8F239002318E0</key>
		<dict>
			<key>fileRef</key>
			<string>7BB5A8D515E8F239002318E0</string>
			<key>isa</key>
			<string>PBXBuildFile</string>
		</dict>
		<key>7BB5A8D715E8F239002318E0</key>
		<dict>
			<key>fileRef</key>
			<string>7BB5A8BD15E8F238002318E0</string>
			<key>isa</key>
			<string>PBXBuildFile</string>
		</dict>
		<key>7BB5A8D815E8F239002318E0</key>
		<dict>
			<key>fileRef</key>
			<string>7BB5A8BF15E8F238002318E0</string>
			<key>isa</key>
			<string>PBXBuildFile</string>
		</dict>
		<key>7BB5A8D915E8F239002318E0</key>
		<dict>
			<key>containerPortal</key>
			<string>7BB5A8B015E8F238002318E0</string>
			<key>isa</key>
			<string>PBXContainerItemProxy</string>
			<key>proxyType</key>
			<string>1</string>
			<key>remoteGlobalIDString</key>
			<string>7BB5A8B815E8F238002318E0</string>
			<key>remoteInfo</key>
			<string>Hackerism</string>
		</dict>
		<key>7BB5A8DA15E8F239002318E0</key>
		<dict>
			<key>isa</key>
			<string>PBXTargetDependency</string>
			<key>target</key>
			<string>7BB5A8B815E8F238002318E0</string>
			<key>targetProxy</key>
			<string>7BB5A8D915E8F239002318E0</string>
		</dict>
		<key>7BB5A8DB15E8F239002318E0</key>
		<dict>
			<key>children</key>
			<array>
				<string>7BB5A8E115E8F239002318E0</string>
				<string>7BB5A8E215E8F239002318E0</string>
				<string>7BB5A8DC15E8F239002318E0</string>
			</array>
			<key>isa</key>
			<string>PBXGroup</string>
			<key>path</key>
			<string>HackerismTests</string>
			<key>sourceTree</key>
			<string>&lt;group&gt;</string>
		</dict>
		<key>7BB5A8DC15E8F239002318E0</key>
		<dict>
			<key>children</key>
			<array>
				<string>7BB5A8DD15E8F239002318E0</string>
				<string>7BB5A8DE15E8F239002318E0</string>
			</array>
			<key>isa</key>
			<string>PBXGroup</string>
			<key>name</key>
			<string>Supporting Files</string>
			<key>sourceTree</key>
			<string>&lt;group&gt;</string>
		</dict>
		<key>7BB5A8DD15E8F239002318E0</key>
		<dict>
			<key>isa</key>
			<string>PBXFileReference</string>
			<key>lastKnownFileType</key>
			<string>text.plist.xml</string>
			<key>path</key>
			<string>HackerismTests-Info.plist</string>
			<key>sourceTree</key>
			<string>&lt;group&gt;</string>
		</dict>
		<key>7BB5A8DE15E8F239002318E0</key>
		<dict>
			<key>children</key>
			<array>
				<string>7BB5A8DF15E8F239002318E0</string>
			</array>
			<key>isa</key>
			<string>PBXVariantGroup</string>
			<key>name</key>
			<string>InfoPlist.strings</string>
			<key>sourceTree</key>
			<string>&lt;group&gt;</string>
		</dict>
		<key>7BB5A8DF15E8F239002318E0</key>
		<dict>
			<key>isa</key>
			<string>PBXFileReference</string>
			<key>lastKnownFileType</key>
			<string>text.plist.strings</string>
			<key>name</key>
			<string>en</string>
			<key>path</key>
			<string>en.lproj/InfoPlist.strings</string>
			<key>sourceTree</key>
			<string>&lt;group&gt;</string>
		</dict>
		<key>7BB5A8E015E8F239002318E0</key>
		<dict>
			<key>fileRef</key>
			<string>7BB5A8DE15E8F239002318E0</string>
			<key>isa</key>
			<string>PBXBuildFile</string>
		</dict>
		<key>7BB5A8E115E8F239002318E0</key>
		<dict>
			<key>isa</key>
			<string>PBXFileReference</string>
			<key>lastKnownFileType</key>
			<string>sourcecode.c.h</string>
			<key>path</key>
			<string>HackerismTests.h</string>
			<key>sourceTree</key>
			<string>&lt;group&gt;</string>
		</dict>
		<key>7BB5A8E215E8F239002318E0</key>
		<dict>
			<key>isa</key>
			<string>PBXFileReference</string>
			<key>lastKnownFileType</key>
			<string>sourcecode.c.objc</string>
			<key>path</key>
			<string>HackerismTests.m</string>
			<key>sourceTree</key>
			<string>&lt;group&gt;</string>
		</dict>
		<key>7BB5A8E315E8F239002318E0</key>
		<dict>
			<key>fileRef</key>
			<string>7BB5A8E215E8F239002318E0</string>
			<key>isa</key>
			<string>PBXBuildFile</string>
		</dict>
		<key>7BB5A8E415E8F239002318E0</key>
		<dict>
			<key>buildSettings</key>
			<dict>
				<key>ALWAYS_SEARCH_USER_PATHS</key>
				<string>NO</string>
				<key>ARCHS</key>
				<string>$(ARCHS_STANDARD_32_BIT)</string>
				<key>CLANG_CXX_LANGUAGE_STANDARD</key>
				<string>gnu++0x</string>
				<key>CLANG_ENABLE_OBJC_ARC</key>
				<string>YES</string>
				<key>CLANG_WARN__DUPLICATE_METHOD_MATCH</key>
				<string>YES</string>
				<key>CODE_SIGN_IDENTITY[sdk=iphoneos*]</key>
				<string>iPhone Developer</string>
				<key>COPY_PHASE_STRIP</key>
				<string>NO</string>
				<key>GCC_C_LANGUAGE_STANDARD</key>
				<string>gnu99</string>
				<key>GCC_DYNAMIC_NO_PIC</key>
				<string>NO</string>
				<key>GCC_OPTIMIZATION_LEVEL</key>
				<string>0</string>
				<key>GCC_PREPROCESSOR_DEFINITIONS</key>
				<array>
					<string>DEBUG=1</string>
					<string>$(inherited)</string>
				</array>
				<key>GCC_SYMBOLS_PRIVATE_EXTERN</key>
				<string>NO</string>
				<key>GCC_VERSION</key>
				<string>com.apple.compilers.llvm.clang.1_0</string>
				<key>GCC_WARN_ABOUT_RETURN_TYPE</key>
				<string>YES</string>
				<key>GCC_WARN_UNINITIALIZED_AUTOS</key>
				<string>YES</string>
				<key>GCC_WARN_UNUSED_VARIABLE</key>
				<string>YES</string>
				<key>IPHONEOS_DEPLOYMENT_TARGET</key>
				<string>5.1</string>
				<key>SDKROOT</key>
				<string>iphoneos</string>
				<key>TARGETED_DEVICE_FAMILY</key>
				<string>1,2</string>
			</dict>
			<key>isa</key>
			<string>XCBuildConfiguration</string>
			<key>name</key>
			<string>Debug</string>
		</dict>
		<key>7BB5A8E515E8F239002318E0</key>
		<dict>
			<key>buildSettings</key>
			<dict>
				<key>ALWAYS_SEARCH_USER_PATHS</key>
				<string>NO</string>
				<key>ARCHS</key>
				<string>$(ARCHS_STANDARD_32_BIT)</string>
				<key>CLANG_CXX_LANGUAGE_STANDARD</key>
				<string>gnu++0x</string>
				<key>CLANG_ENABLE_OBJC_ARC</key>
				<string>YES</string>
				<key>CLANG_WARN__DUPLICATE_METHOD_MATCH</key>
				<string>YES</string>
				<key>CODE_SIGN_IDENTITY[sdk=iphoneos*]</key>
				<string>iPhone Developer</string>
				<key>COPY_PHASE_STRIP</key>
				<string>YES</string>
				<key>GCC_C_LANGUAGE_STANDARD</key>
				<string>gnu99</string>
				<key>GCC_VERSION</key>
				<string>com.apple.compilers.llvm.clang.1_0</string>
				<key>GCC_WARN_ABOUT_RETURN_TYPE</key>
				<string>YES</string>
				<key>GCC_WARN_UNINITIALIZED_AUTOS</key>
				<string>YES</string>
				<key>GCC_WARN_UNUSED_VARIABLE</key>
				<string>YES</string>
				<key>IPHONEOS_DEPLOYMENT_TARGET</key>
				<string>5.1</string>
				<key>OTHER_CFLAGS</key>
				<string>-DNS_BLOCK_ASSERTIONS=1</string>
				<key>SDKROOT</key>
				<string>iphoneos</string>
				<key>TARGETED_DEVICE_FAMILY</key>
				<string>1,2</string>
				<key>VALIDATE_PRODUCT</key>
				<string>YES</string>
			</dict>
			<key>isa</key>
			<string>XCBuildConfiguration</string>
			<key>name</key>
			<string>Release</string>
		</dict>
		<key>7BB5A8E615E8F239002318E0</key>
		<dict>
			<key>buildConfigurations</key>
			<array>
				<string>7BB5A8E715E8F239002318E0</string>
				<string>7BB5A8E815E8F239002318E0</string>
			</array>
			<key>defaultConfigurationIsVisible</key>
			<string>0</string>
			<key>isa</key>
			<string>XCConfigurationList</string>
		</dict>
		<key>7BB5A8E715E8F239002318E0</key>
		<dict>
			<key>baseConfigurationReference</key>
			<string>D3827FE112D7439C9F984E43</string>
			<key>buildSettings</key>
			<dict>
				<key>GCC_PRECOMPILE_PREFIX_HEADER</key>
				<string>YES</string>
				<key>GCC_PREFIX_HEADER</key>
				<string>Hackerism/Hackerism-Prefix.pch</string>
				<key>INFOPLIST_FILE</key>
				<string>Hackerism/Hackerism-Info.plist</string>
				<key>PRODUCT_NAME</key>
				<string>$(TARGET_NAME)</string>
				<key>WRAPPER_EXTENSION</key>
				<string>app</string>
			</dict>
			<key>isa</key>
			<string>XCBuildConfiguration</string>
			<key>name</key>
			<string>Debug</string>
		</dict>
		<key>7BB5A8E815E8F239002318E0</key>
		<dict>
			<key>baseConfigurationReference</key>
			<string>D3827FE112D7439C9F984E43</string>
			<key>buildSettings</key>
			<dict>
				<key>GCC_PRECOMPILE_PREFIX_HEADER</key>
				<string>YES</string>
				<key>GCC_PREFIX_HEADER</key>
				<string>Hackerism/Hackerism-Prefix.pch</string>
				<key>INFOPLIST_FILE</key>
				<string>Hackerism/Hackerism-Info.plist</string>
				<key>PRODUCT_NAME</key>
				<string>$(TARGET_NAME)</string>
				<key>WRAPPER_EXTENSION</key>
				<string>app</string>
			</dict>
			<key>isa</key>
			<string>XCBuildConfiguration</string>
			<key>name</key>
			<string>Release</string>
		</dict>
		<key>7BB5A8E915E8F239002318E0</key>
		<dict>
			<key>buildConfigurations</key>
			<array>
				<string>7BB5A8EA15E8F239002318E0</string>
				<string>7BB5A8EB15E8F239002318E0</string>
			</array>
			<key>defaultConfigurationIsVisible</key>
			<string>0</string>
			<key>isa</key>
			<string>XCConfigurationList</string>
		</dict>
		<key>7BB5A8EA15E8F239002318E0</key>
		<dict>
			<key>buildSettings</key>
			<dict>
				<key>BUNDLE_LOADER</key>
				<string>$(BUILT_PRODUCTS_DIR)/Hackerism.app/Hackerism</string>
				<key>FRAMEWORK_SEARCH_PATHS</key>
				<array>
					<string>"$(SDKROOT)/Developer/Library/Frameworks"</string>
					<string>"$(DEVELOPER_LIBRARY_DIR)/Frameworks"</string>
				</array>
				<key>GCC_PRECOMPILE_PREFIX_HEADER</key>
				<string>YES</string>
				<key>GCC_PREFIX_HEADER</key>
				<string>Hackerism/Hackerism-Prefix.pch</string>
				<key>INFOPLIST_FILE</key>
				<string>HackerismTests/HackerismTests-Info.plist</string>
				<key>PRODUCT_NAME</key>
				<string>$(TARGET_NAME)</string>
				<key>TEST_HOST</key>
				<string>$(BUNDLE_LOADER)</string>
				<key>WRAPPER_EXTENSION</key>
				<string>octest</string>
			</dict>
			<key>isa</key>
			<string>XCBuildConfiguration</string>
			<key>name</key>
			<string>Debug</string>
		</dict>
		<key>7BB5A8EB15E8F239002318E0</key>
		<dict>
			<key>buildSettings</key>
			<dict>
				<key>BUNDLE_LOADER</key>
				<string>$(BUILT_PRODUCTS_DIR)/Hackerism.app/Hackerism</string>
				<key>FRAMEWORK_SEARCH_PATHS</key>
				<array>
					<string>"$(SDKROOT)/Developer/Library/Frameworks"</string>
					<string>"$(DEVELOPER_LIBRARY_DIR)/Frameworks"</string>
				</array>
				<key>GCC_PRECOMPILE_PREFIX_HEADER</key>
				<string>YES</string>
				<key>GCC_PREFIX_HEADER</key>
				<string>Hackerism/Hackerism-Prefix.pch</string>
				<key>INFOPLIST_FILE</key>
				<string>HackerismTests/HackerismTests-Info.plist</string>
				<key>PRODUCT_NAME</key>
				<string>$(TARGET_NAME)</string>
				<key>TEST_HOST</key>
				<string>$(BUNDLE_LOADER)</string>
				<key>WRAPPER_EXTENSION</key>
				<string>octest</string>
			</dict>
			<key>isa</key>
			<string>XCBuildConfiguration</string>
			<key>name</key>
			<string>Release</string>
		</dict>
		<key>7BB5A8EC15E8FB40002318E0</key>
		<dict>
			<key>isa</key>
			<string>PBXFileReference</string>
			<key>lastKnownFileType</key>
			<string>text</string>
			<key>path</key>
			<string>Podfile</string>
			<key>sourceTree</key>
			<string>&lt;group&gt;</string>
		</dict>
		<key>A72A35D43A914FBBB539C8C1</key>
		<dict>
			<key>fileRef</key>
			<string>2EA13D426446460D91633F3C</string>
			<key>isa</key>
			<string>PBXBuildFile</string>
		</dict>
		<key>C3AF80873E804544B1CEE6B4</key>
		<dict>
			<key>buildActionMask</key>
			<string>2147483647</string>
			<key>files</key>
			<array/>
			<key>inputPaths</key>
			<array/>
			<key>isa</key>
			<string>PBXShellScriptBuildPhase</string>
			<key>name</key>
			<string>Copy Pods Resources</string>
			<key>outputPaths</key>
			<array/>
			<key>runOnlyForDeploymentPostprocessing</key>
			<string>0</string>
			<key>shellPath</key>
			<string>/bin/sh</string>
			<key>shellScript</key>
			<string>"${SRCROOT}/Pods/Pods-resources.sh"
</string>
		</dict>
		<key>D3827FE112D7439C9F984E43</key>
		<dict>
			<key>includeInIndex</key>
			<string>1</string>
			<key>isa</key>
			<string>PBXFileReference</string>
			<key>lastKnownFileType</key>
			<string>text.xcconfig</string>
			<key>name</key>
			<string>Pods.xcconfig</string>
			<key>path</key>
			<string>Pods/Pods.xcconfig</string>
			<key>sourceTree</key>
			<string>SOURCE_ROOT</string>
		</dict>
	</dict>
	<key>rootObject</key>
	<string>7BB5A8B015E8F238002318E0</string>
</dict>
</plist>
